// !$*UTF8*$!
{
	archiveVersion = 1;
	classes = {
	};
	objectVersion = 56;
	objects = {

/* Begin PBXBuildFile section */
		23A5F3792B21CFA10008FFB2 /* GameLogic.swift in Sources */ = {isa = PBXBuildFile; fileRef = 23A5F3782B21CFA10008FFB2 /* GameLogic.swift */; };
		23A5F37B2B21CFCD0008FFB2 /* GameOverView.swift in Sources */ = {isa = PBXBuildFile; fileRef = 23A5F37A2B21CFCD0008FFB2 /* GameOverView.swift */; };
		23A5F37D2B21CFE60008FFB2 /* MainMenuView.swift in Sources */ = {isa = PBXBuildFile; fileRef = 23A5F37C2B21CFE60008FFB2 /* MainMenuView.swift */; };
		23A5F37F2B21D0480008FFB2 /* ParentView.swift in Sources */ = {isa = PBXBuildFile; fileRef = 23A5F37E2B21D0480008FFB2 /* ParentView.swift */; };
		23A5F3852B21D1B30008FFB2 /* ScoreView.swift in Sources */ = {isa = PBXBuildFile; fileRef = 23A5F3842B21D1B30008FFB2 /* ScoreView.swift */; };
		23A5F3872B21D1C10008FFB2 /* DurationView.swift in Sources */ = {isa = PBXBuildFile; fileRef = 23A5F3862B21D1C10008FFB2 /* DurationView.swift */; };
		23A5F38A2B21D34B0008FFB2 /* Preview Content in Resources */ = {isa = PBXBuildFile; fileRef = 23A5F3892B21D34A0008FFB2 /* Preview Content */; };
		23A5F38D2B21D4080008FFB2 /* RegisterScore.swift in Sources */ = {isa = PBXBuildFile; fileRef = 23A5F38C2B21D4080008FFB2 /* RegisterScore.swift */; };
		23A5F38F2B21D4180008FFB2 /* RegisterXP.swift in Sources */ = {isa = PBXBuildFile; fileRef = 23A5F38E2B21D4180008FFB2 /* RegisterXP.swift */; };
		23A5F3912B21D42D0008FFB2 /* SceneSetUp.swift in Sources */ = {isa = PBXBuildFile; fileRef = 23A5F3902B21D42D0008FFB2 /* SceneSetUp.swift */; };
		23A5F3932B21D43B0008FFB2 /* PlayerInputs.swift in Sources */ = {isa = PBXBuildFile; fileRef = 23A5F3922B21D43B0008FFB2 /* PlayerInputs.swift */; };
		23A5F3952B21D4E90008FFB2 /* EnemyBehavior.swift in Sources */ = {isa = PBXBuildFile; fileRef = 23A5F3942B21D4E90008FFB2 /* EnemyBehavior.swift */; };
		931293F92B21D93F009B2441 /* Joystick.swift in Sources */ = {isa = PBXBuildFile; fileRef = 931293F82B21D93F009B2441 /* Joystick.swift */; };
		9D3EDD382B1F3FD200C5DF7B /* UntitledGameApp.swift in Sources */ = {isa = PBXBuildFile; fileRef = 9D3EDD372B1F3FD200C5DF7B /* UntitledGameApp.swift */; };
		9D3EDD3A2B1F3FD200C5DF7B /* GameView.swift in Sources */ = {isa = PBXBuildFile; fileRef = 9D3EDD392B1F3FD200C5DF7B /* GameView.swift */; };
		9D3EDD3C2B1F3FD200C5DF7B /* Assets.xcassets in Resources */ = {isa = PBXBuildFile; fileRef = 9D3EDD3B2B1F3FD200C5DF7B /* Assets.xcassets */; };
		9DD8E2B42B20A777000998F3 /* GameScene.swift in Sources */ = {isa = PBXBuildFile; fileRef = 9DD8E2B32B20A777000998F3 /* GameScene.swift */; };
/* End PBXBuildFile section */

/* Begin PBXFileReference section */
		23A5F3782B21CFA10008FFB2 /* GameLogic.swift */ = {isa = PBXFileReference; lastKnownFileType = sourcecode.swift; path = GameLogic.swift; sourceTree = "<group>"; };
		23A5F37A2B21CFCD0008FFB2 /* GameOverView.swift */ = {isa = PBXFileReference; lastKnownFileType = sourcecode.swift; path = GameOverView.swift; sourceTree = "<group>"; };
		23A5F37C2B21CFE60008FFB2 /* MainMenuView.swift */ = {isa = PBXFileReference; lastKnownFileType = sourcecode.swift; path = MainMenuView.swift; sourceTree = "<group>"; };
		23A5F37E2B21D0480008FFB2 /* ParentView.swift */ = {isa = PBXFileReference; lastKnownFileType = sourcecode.swift; path = ParentView.swift; sourceTree = "<group>"; };
		23A5F3842B21D1B30008FFB2 /* ScoreView.swift */ = {isa = PBXFileReference; lastKnownFileType = sourcecode.swift; path = ScoreView.swift; sourceTree = "<group>"; };
		23A5F3862B21D1C10008FFB2 /* DurationView.swift */ = {isa = PBXFileReference; lastKnownFileType = sourcecode.swift; path = DurationView.swift; sourceTree = "<group>"; };
		23A5F3892B21D34A0008FFB2 /* Preview Content */ = {isa = PBXFileReference; lastKnownFileType = folder; path = "Preview Content"; sourceTree = "<group>"; };
		23A5F38C2B21D4080008FFB2 /* RegisterScore.swift */ = {isa = PBXFileReference; lastKnownFileType = sourcecode.swift; path = RegisterScore.swift; sourceTree = "<group>"; };
		23A5F38E2B21D4180008FFB2 /* RegisterXP.swift */ = {isa = PBXFileReference; lastKnownFileType = sourcecode.swift; path = RegisterXP.swift; sourceTree = "<group>"; };
		23A5F3902B21D42D0008FFB2 /* SceneSetUp.swift */ = {isa = PBXFileReference; lastKnownFileType = sourcecode.swift; path = SceneSetUp.swift; sourceTree = "<group>"; };
		23A5F3922B21D43B0008FFB2 /* PlayerInputs.swift */ = {isa = PBXFileReference; lastKnownFileType = sourcecode.swift; path = PlayerInputs.swift; sourceTree = "<group>"; };
		23A5F3942B21D4E90008FFB2 /* EnemyBehavior.swift */ = {isa = PBXFileReference; lastKnownFileType = sourcecode.swift; path = EnemyBehavior.swift; sourceTree = "<group>"; };
		931293F82B21D93F009B2441 /* Joystick.swift */ = {isa = PBXFileReference; lastKnownFileType = sourcecode.swift; path = Joystick.swift; sourceTree = "<group>"; };
		9D3EDD342B1F3FD200C5DF7B /* UntitledGame.app */ = {isa = PBXFileReference; explicitFileType = wrapper.application; includeInIndex = 0; path = UntitledGame.app; sourceTree = BUILT_PRODUCTS_DIR; };
		9D3EDD372B1F3FD200C5DF7B /* UntitledGameApp.swift */ = {isa = PBXFileReference; lastKnownFileType = sourcecode.swift; path = UntitledGameApp.swift; sourceTree = "<group>"; };
		9D3EDD392B1F3FD200C5DF7B /* GameView.swift */ = {isa = PBXFileReference; lastKnownFileType = sourcecode.swift; path = GameView.swift; sourceTree = "<group>"; };
		9D3EDD3B2B1F3FD200C5DF7B /* Assets.xcassets */ = {isa = PBXFileReference; lastKnownFileType = folder.assetcatalog; path = Assets.xcassets; sourceTree = "<group>"; };
		9DD8E2B32B20A777000998F3 /* GameScene.swift */ = {isa = PBXFileReference; lastKnownFileType = sourcecode.swift; path = GameScene.swift; sourceTree = "<group>"; };
/* End PBXFileReference section */

/* Begin PBXFrameworksBuildPhase section */
		9D3EDD312B1F3FD200C5DF7B /* Frameworks */ = {
			isa = PBXFrameworksBuildPhase;
			buildActionMask = 2147483647;
			files = (
			);
			runOnlyForDeploymentPostprocessing = 0;
		};
/* End PBXFrameworksBuildPhase section */

/* Begin PBXGroup section */
		23A5F3812B21D0B40008FFB2 /* Views */ = {
			isa = PBXGroup;
			children = (
				23A5F3822B21D0C50008FFB2 /* HUD */,
				23A5F37E2B21D0480008FFB2 /* ParentView.swift */,
				23A5F37C2B21CFE60008FFB2 /* MainMenuView.swift */,
				9D3EDD392B1F3FD200C5DF7B /* GameView.swift */,
				23A5F37A2B21CFCD0008FFB2 /* GameOverView.swift */,
			);
			path = Views;
			sourceTree = "<group>";
		};
		23A5F3822B21D0C50008FFB2 /* HUD */ = {
			isa = PBXGroup;
			children = (
				23A5F3842B21D1B30008FFB2 /* ScoreView.swift */,
				23A5F3862B21D1C10008FFB2 /* DurationView.swift */,
			);
			path = HUD;
			sourceTree = "<group>";
		};
		23A5F3882B21D2260008FFB2 /* Game */ = {
			isa = PBXGroup;
			children = (
				9DD8E2B32B20A777000998F3 /* GameScene.swift */,
				23A5F3782B21CFA10008FFB2 /* GameLogic.swift */,
				23A5F38B2B21D3A30008FFB2 /* Components */,
				931293F82B21D93F009B2441 /* Joystick.swift */,
			);
			path = Game;
			sourceTree = "<group>";
		};
		23A5F38B2B21D3A30008FFB2 /* Components */ = {
			isa = PBXGroup;
			children = (
				23A5F38C2B21D4080008FFB2 /* RegisterScore.swift */,
				23A5F38E2B21D4180008FFB2 /* RegisterXP.swift */,
				23A5F3902B21D42D0008FFB2 /* SceneSetUp.swift */,
				23A5F3922B21D43B0008FFB2 /* PlayerInputs.swift */,
				23A5F3942B21D4E90008FFB2 /* EnemyBehavior.swift */,
			);
			path = Components;
			sourceTree = "<group>";
		};
		9D3EDD2B2B1F3FD200C5DF7B = {
			isa = PBXGroup;
			children = (
				9D3EDD362B1F3FD200C5DF7B /* UntitledGame */,
				9D3EDD352B1F3FD200C5DF7B /* Products */,
			);
			sourceTree = "<group>";
		};
		9D3EDD352B1F3FD200C5DF7B /* Products */ = {
			isa = PBXGroup;
			children = (
				9D3EDD342B1F3FD200C5DF7B /* UntitledGame.app */,
			);
			name = Products;
			sourceTree = "<group>";
		};
		9D3EDD362B1F3FD200C5DF7B /* UntitledGame */ = {
			isa = PBXGroup;
			children = (
				23A5F3882B21D2260008FFB2 /* Game */,
				23A5F3812B21D0B40008FFB2 /* Views */,
				9D3EDD372B1F3FD200C5DF7B /* UntitledGameApp.swift */,
				9D3EDD3B2B1F3FD200C5DF7B /* Assets.xcassets */,
				23A5F3892B21D34A0008FFB2 /* Preview Content */,
			);
			path = UntitledGame;
			sourceTree = "<group>";
		};
/* End PBXGroup section */

/* Begin PBXNativeTarget section */
		9D3EDD332B1F3FD200C5DF7B /* UntitledGame */ = {
			isa = PBXNativeTarget;
			buildConfigurationList = 9D3EDD422B1F3FD200C5DF7B /* Build configuration list for PBXNativeTarget "UntitledGame" */;
			buildPhases = (
				9D3EDD302B1F3FD200C5DF7B /* Sources */,
				9D3EDD312B1F3FD200C5DF7B /* Frameworks */,
				9D3EDD322B1F3FD200C5DF7B /* Resources */,
			);
			buildRules = (
			);
			dependencies = (
			);
			name = UntitledGame;
			productName = UntitledGame;
			productReference = 9D3EDD342B1F3FD200C5DF7B /* UntitledGame.app */;
			productType = "com.apple.product-type.application";
		};
/* End PBXNativeTarget section */

/* Begin PBXProject section */
		9D3EDD2C2B1F3FD200C5DF7B /* Project object */ = {
			isa = PBXProject;
			attributes = {
				BuildIndependentTargetsInParallel = 1;
				LastSwiftUpdateCheck = 1500;
				LastUpgradeCheck = 1500;
				TargetAttributes = {
					9D3EDD332B1F3FD200C5DF7B = {
						CreatedOnToolsVersion = 15.0.1;
					};
				};
			};
			buildConfigurationList = 9D3EDD2F2B1F3FD200C5DF7B /* Build configuration list for PBXProject "UntitledGame" */;
			compatibilityVersion = "Xcode 14.0";
			developmentRegion = en;
			hasScannedForEncodings = 0;
			knownRegions = (
				en,
				Base,
			);
			mainGroup = 9D3EDD2B2B1F3FD200C5DF7B;
			productRefGroup = 9D3EDD352B1F3FD200C5DF7B /* Products */;
			projectDirPath = "";
			projectRoot = "";
			targets = (
				9D3EDD332B1F3FD200C5DF7B /* UntitledGame */,
			);
		};
/* End PBXProject section */

/* Begin PBXResourcesBuildPhase section */
		9D3EDD322B1F3FD200C5DF7B /* Resources */ = {
			isa = PBXResourcesBuildPhase;
			buildActionMask = 2147483647;
			files = (
				23A5F38A2B21D34B0008FFB2 /* Preview Content in Resources */,
				9D3EDD3C2B1F3FD200C5DF7B /* Assets.xcassets in Resources */,
			);
			runOnlyForDeploymentPostprocessing = 0;
		};
/* End PBXResourcesBuildPhase section */

/* Begin PBXSourcesBuildPhase section */
		9D3EDD302B1F3FD200C5DF7B /* Sources */ = {
			isa = PBXSourcesBuildPhase;
			buildActionMask = 2147483647;
			files = (
				23A5F37D2B21CFE60008FFB2 /* MainMenuView.swift in Sources */,
				23A5F38D2B21D4080008FFB2 /* RegisterScore.swift in Sources */,
				23A5F3852B21D1B30008FFB2 /* ScoreView.swift in Sources */,
				23A5F37B2B21CFCD0008FFB2 /* GameOverView.swift in Sources */,
				23A5F3952B21D4E90008FFB2 /* EnemyBehavior.swift in Sources */,
				9DD8E2B42B20A777000998F3 /* GameScene.swift in Sources */,
				9D3EDD3A2B1F3FD200C5DF7B /* GameView.swift in Sources */,
				23A5F3932B21D43B0008FFB2 /* PlayerInputs.swift in Sources */,
				23A5F37F2B21D0480008FFB2 /* ParentView.swift in Sources */,
				23A5F3792B21CFA10008FFB2 /* GameLogic.swift in Sources */,
				23A5F3872B21D1C10008FFB2 /* DurationView.swift in Sources */,
				23A5F38F2B21D4180008FFB2 /* RegisterXP.swift in Sources */,
				931293F92B21D93F009B2441 /* Joystick.swift in Sources */,
				23A5F3912B21D42D0008FFB2 /* SceneSetUp.swift in Sources */,
				9D3EDD382B1F3FD200C5DF7B /* UntitledGameApp.swift in Sources */,
			);
			runOnlyForDeploymentPostprocessing = 0;
		};
/* End PBXSourcesBuildPhase section */

/* Begin XCBuildConfiguration section */
		9D3EDD402B1F3FD200C5DF7B /* Debug */ = {
			isa = XCBuildConfiguration;
			buildSettings = {
				ALWAYS_SEARCH_USER_PATHS = NO;
				ASSETCATALOG_COMPILER_GENERATE_SWIFT_ASSET_SYMBOL_EXTENSIONS = YES;
				CLANG_ANALYZER_NONNULL = YES;
				CLANG_ANALYZER_NUMBER_OBJECT_CONVERSION = YES_AGGRESSIVE;
				CLANG_CXX_LANGUAGE_STANDARD = "gnu++20";
				CLANG_ENABLE_MODULES = YES;
				CLANG_ENABLE_OBJC_ARC = YES;
				CLANG_ENABLE_OBJC_WEAK = YES;
				CLANG_WARN_BLOCK_CAPTURE_AUTORELEASING = YES;
				CLANG_WARN_BOOL_CONVERSION = YES;
				CLANG_WARN_COMMA = YES;
				CLANG_WARN_CONSTANT_CONVERSION = YES;
				CLANG_WARN_DEPRECATED_OBJC_IMPLEMENTATIONS = YES;
				CLANG_WARN_DIRECT_OBJC_ISA_USAGE = YES_ERROR;
				CLANG_WARN_DOCUMENTATION_COMMENTS = YES;
				CLANG_WARN_EMPTY_BODY = YES;
				CLANG_WARN_ENUM_CONVERSION = YES;
				CLANG_WARN_INFINITE_RECURSION = YES;
				CLANG_WARN_INT_CONVERSION = YES;
				CLANG_WARN_NON_LITERAL_NULL_CONVERSION = YES;
				CLANG_WARN_OBJC_IMPLICIT_RETAIN_SELF = YES;
				CLANG_WARN_OBJC_LITERAL_CONVERSION = YES;
				CLANG_WARN_OBJC_ROOT_CLASS = YES_ERROR;
				CLANG_WARN_QUOTED_INCLUDE_IN_FRAMEWORK_HEADER = YES;
				CLANG_WARN_RANGE_LOOP_ANALYSIS = YES;
				CLANG_WARN_STRICT_PROTOTYPES = YES;
				CLANG_WARN_SUSPICIOUS_MOVE = YES;
				CLANG_WARN_UNGUARDED_AVAILABILITY = YES_AGGRESSIVE;
				CLANG_WARN_UNREACHABLE_CODE = YES;
				CLANG_WARN__DUPLICATE_METHOD_MATCH = YES;
				COPY_PHASE_STRIP = NO;
				DEBUG_INFORMATION_FORMAT = dwarf;
				ENABLE_STRICT_OBJC_MSGSEND = YES;
				ENABLE_TESTABILITY = YES;
				ENABLE_USER_SCRIPT_SANDBOXING = YES;
				GCC_C_LANGUAGE_STANDARD = gnu17;
				GCC_DYNAMIC_NO_PIC = NO;
				GCC_NO_COMMON_BLOCKS = YES;
				GCC_OPTIMIZATION_LEVEL = 0;
				GCC_PREPROCESSOR_DEFINITIONS = (
					"DEBUG=1",
					"$(inherited)",
				);
				GCC_WARN_64_TO_32_BIT_CONVERSION = YES;
				GCC_WARN_ABOUT_RETURN_TYPE = YES_ERROR;
				GCC_WARN_UNDECLARED_SELECTOR = YES;
				GCC_WARN_UNINITIALIZED_AUTOS = YES_AGGRESSIVE;
				GCC_WARN_UNUSED_FUNCTION = YES;
				GCC_WARN_UNUSED_VARIABLE = YES;
				IPHONEOS_DEPLOYMENT_TARGET = 17.0;
				LOCALIZATION_PREFERS_STRING_CATALOGS = YES;
				MTL_ENABLE_DEBUG_INFO = INCLUDE_SOURCE;
				MTL_FAST_MATH = YES;
				ONLY_ACTIVE_ARCH = YES;
				SDKROOT = iphoneos;
				SWIFT_ACTIVE_COMPILATION_CONDITIONS = "DEBUG $(inherited)";
				SWIFT_OPTIMIZATION_LEVEL = "-Onone";
			};
			name = Debug;
		};
		9D3EDD412B1F3FD200C5DF7B /* Release */ = {
			isa = XCBuildConfiguration;
			buildSettings = {
				ALWAYS_SEARCH_USER_PATHS = NO;
				ASSETCATALOG_COMPILER_GENERATE_SWIFT_ASSET_SYMBOL_EXTENSIONS = YES;
				CLANG_ANALYZER_NONNULL = YES;
				CLANG_ANALYZER_NUMBER_OBJECT_CONVERSION = YES_AGGRESSIVE;
				CLANG_CXX_LANGUAGE_STANDARD = "gnu++20";
				CLANG_ENABLE_MODULES = YES;
				CLANG_ENABLE_OBJC_ARC = YES;
				CLANG_ENABLE_OBJC_WEAK = YES;
				CLANG_WARN_BLOCK_CAPTURE_AUTORELEASING = YES;
				CLANG_WARN_BOOL_CONVERSION = YES;
				CLANG_WARN_COMMA = YES;
				CLANG_WARN_CONSTANT_CONVERSION = YES;
				CLANG_WARN_DEPRECATED_OBJC_IMPLEMENTATIONS = YES;
				CLANG_WARN_DIRECT_OBJC_ISA_USAGE = YES_ERROR;
				CLANG_WARN_DOCUMENTATION_COMMENTS = YES;
				CLANG_WARN_EMPTY_BODY = YES;
				CLANG_WARN_ENUM_CONVERSION = YES;
				CLANG_WARN_INFINITE_RECURSION = YES;
				CLANG_WARN_INT_CONVERSION = YES;
				CLANG_WARN_NON_LITERAL_NULL_CONVERSION = YES;
				CLANG_WARN_OBJC_IMPLICIT_RETAIN_SELF = YES;
				CLANG_WARN_OBJC_LITERAL_CONVERSION = YES;
				CLANG_WARN_OBJC_ROOT_CLASS = YES_ERROR;
				CLANG_WARN_QUOTED_INCLUDE_IN_FRAMEWORK_HEADER = YES;
				CLANG_WARN_RANGE_LOOP_ANALYSIS = YES;
				CLANG_WARN_STRICT_PROTOTYPES = YES;
				CLANG_WARN_SUSPICIOUS_MOVE = YES;
				CLANG_WARN_UNGUARDED_AVAILABILITY = YES_AGGRESSIVE;
				CLANG_WARN_UNREACHABLE_CODE = YES;
				CLANG_WARN__DUPLICATE_METHOD_MATCH = YES;
				COPY_PHASE_STRIP = NO;
				DEBUG_INFORMATION_FORMAT = "dwarf-with-dsym";
				ENABLE_NS_ASSERTIONS = NO;
				ENABLE_STRICT_OBJC_MSGSEND = YES;
				ENABLE_USER_SCRIPT_SANDBOXING = YES;
				GCC_C_LANGUAGE_STANDARD = gnu17;
				GCC_NO_COMMON_BLOCKS = YES;
				GCC_WARN_64_TO_32_BIT_CONVERSION = YES;
				GCC_WARN_ABOUT_RETURN_TYPE = YES_ERROR;
				GCC_WARN_UNDECLARED_SELECTOR = YES;
				GCC_WARN_UNINITIALIZED_AUTOS = YES_AGGRESSIVE;
				GCC_WARN_UNUSED_FUNCTION = YES;
				GCC_WARN_UNUSED_VARIABLE = YES;
				IPHONEOS_DEPLOYMENT_TARGET = 17.0;
				LOCALIZATION_PREFERS_STRING_CATALOGS = YES;
				MTL_ENABLE_DEBUG_INFO = NO;
				MTL_FAST_MATH = YES;
				SDKROOT = iphoneos;
				SWIFT_COMPILATION_MODE = wholemodule;
				VALIDATE_PRODUCT = YES;
			};
			name = Release;
		};
		9D3EDD432B1F3FD200C5DF7B /* Debug */ = {
			isa = XCBuildConfiguration;
			buildSettings = {
				ASSETCATALOG_COMPILER_APPICON_NAME = AppIcon;
				ASSETCATALOG_COMPILER_GLOBAL_ACCENT_COLOR_NAME = AccentColor;
				CODE_SIGN_STYLE = Automatic;
				CURRENT_PROJECT_VERSION = 1;
				DEVELOPMENT_ASSET_PATHS = "\"UntitledGame/Preview Content\"";
				DEVELOPMENT_TEAM = 3FRYF657J2;
				ENABLE_PREVIEWS = YES;
				GENERATE_INFOPLIST_FILE = YES;
				INFOPLIST_KEY_UIApplicationSceneManifest_Generation = YES;
				INFOPLIST_KEY_UIApplicationSupportsIndirectInputEvents = YES;
				INFOPLIST_KEY_UILaunchScreen_Generation = YES;
				INFOPLIST_KEY_UISupportedInterfaceOrientations_iPad = "UIInterfaceOrientationPortrait UIInterfaceOrientationPortraitUpsideDown UIInterfaceOrientationLandscapeLeft UIInterfaceOrientationLandscapeRight";
				INFOPLIST_KEY_UISupportedInterfaceOrientations_iPhone = "UIInterfaceOrientationPortrait UIInterfaceOrientationLandscapeLeft UIInterfaceOrientationLandscapeRight";
				LD_RUNPATH_SEARCH_PATHS = (
					"$(inherited)",
					"@executable_path/Frameworks",
				);
				MARKETING_VERSION = 1.0;
				PRODUCT_BUNDLE_IDENTIFIER = com.snesnopic.UntitledGame;
				PRODUCT_NAME = "$(TARGET_NAME)";
				SWIFT_EMIT_LOC_STRINGS = YES;
				SWIFT_VERSION = 5.0;
				TARGETED_DEVICE_FAMILY = "1,2";
			};
			name = Debug;
		};
		9D3EDD442B1F3FD200C5DF7B /* Release */ = {
			isa = XCBuildConfiguration;
			buildSettings = {
				ASSETCATALOG_COMPILER_APPICON_NAME = AppIcon;
				ASSETCATALOG_COMPILER_GLOBAL_ACCENT_COLOR_NAME = AccentColor;
				CODE_SIGN_STYLE = Automatic;
				CURRENT_PROJECT_VERSION = 1;
				DEVELOPMENT_ASSET_PATHS = "\"UntitledGame/Preview Content\"";
				DEVELOPMENT_TEAM = 3FRYF657J2;
				ENABLE_PREVIEWS = YES;
				GENERATE_INFOPLIST_FILE = YES;
				INFOPLIST_KEY_UIApplicationSceneManifest_Generation = YES;
				INFOPLIST_KEY_UIApplicationSupportsIndirectInputEvents = YES;
				INFOPLIST_KEY_UILaunchScreen_Generation = YES;
				INFOPLIST_KEY_UISupportedInterfaceOrientations_iPad = "UIInterfaceOrientationPortrait UIInterfaceOrientationPortraitUpsideDown UIInterfaceOrientationLandscapeLeft UIInterfaceOrientationLandscapeRight";
				INFOPLIST_KEY_UISupportedInterfaceOrientations_iPhone = "UIInterfaceOrientationPortrait UIInterfaceOrientationLandscapeLeft UIInterfaceOrientationLandscapeRight";
				LD_RUNPATH_SEARCH_PATHS = (
					"$(inherited)",
					"@executable_path/Frameworks",
				);
				MARKETING_VERSION = 1.0;
				PRODUCT_BUNDLE_IDENTIFIER = com.snesnopic.UntitledGame;
				PRODUCT_NAME = "$(TARGET_NAME)";
				SWIFT_EMIT_LOC_STRINGS = YES;
				SWIFT_VERSION = 5.0;
				TARGETED_DEVICE_FAMILY = "1,2";
			};
			name = Release;
		};
/* End XCBuildConfiguration section */

/* Begin XCConfigurationList section */
		9D3EDD2F2B1F3FD200C5DF7B /* Build configuration list for PBXProject "UntitledGame" */ = {
			isa = XCConfigurationList;
			buildConfigurations = (
				9D3EDD402B1F3FD200C5DF7B /* Debug */,
				9D3EDD412B1F3FD200C5DF7B /* Release */,
			);
			defaultConfigurationIsVisible = 0;
			defaultConfigurationName = Release;
		};
		9D3EDD422B1F3FD200C5DF7B /* Build configuration list for PBXNativeTarget "UntitledGame" */ = {
			isa = XCConfigurationList;
			buildConfigurations = (
				9D3EDD432B1F3FD200C5DF7B /* Debug */,
				9D3EDD442B1F3FD200C5DF7B /* Release */,
			);
			defaultConfigurationIsVisible = 0;
			defaultConfigurationName = Release;
		};
/* End XCConfigurationList section */
	};
	rootObject = 9D3EDD2C2B1F3FD200C5DF7B /* Project object */;
}
