// !$*UTF8*$!
{
	archiveVersion = 1;
	classes = {
	};
	objectVersion = 60;
	objects = {

/* Begin PBXBuildFile section */
		232CC4462B2DE3CC00834B76 /* game1.mp3 in Resources */ = {isa = PBXBuildFile; fileRef = 232CC4452B2DE3CC00834B76 /* game1.mp3 */; };
		233614732B2A0C0600446D77 /* BackgroundMusic.swift in Sources */ = {isa = PBXBuildFile; fileRef = 233614722B2A0C0600446D77 /* BackgroundMusic.swift */; };
		233F1F4F2B27039800EF01FC /* EnemyType.swift in Sources */ = {isa = PBXBuildFile; fileRef = 233F1F4E2B27039800EF01FC /* EnemyType.swift */; };
		233F1F512B27244C00EF01FC /* EnemyNode.swift in Sources */ = {isa = PBXBuildFile; fileRef = 233F1F502B27244C00EF01FC /* EnemyNode.swift */; };
		233F1F542B272C6E00EF01FC /* EnemyTypesVM.swift in Sources */ = {isa = PBXBuildFile; fileRef = 233F1F532B272C6E00EF01FC /* EnemyTypesVM.swift */; };
		233F1F562B273C5D00EF01FC /* ContactsCollisions.swift in Sources */ = {isa = PBXBuildFile; fileRef = 233F1F552B273C5D00EF01FC /* ContactsCollisions.swift */; };
		233F1F592B286B5400EF01FC /* Constants.swift in Sources */ = {isa = PBXBuildFile; fileRef = 233F1F582B286B5400EF01FC /* Constants.swift */; };
		2347545B2B29A7520063537F /* PlayerBehavior.swift in Sources */ = {isa = PBXBuildFile; fileRef = 2347545A2B29A7520063537F /* PlayerBehavior.swift */; };
		23A5F3792B21CFA10008FFB2 /* GameLogic.swift in Sources */ = {isa = PBXBuildFile; fileRef = 23A5F3782B21CFA10008FFB2 /* GameLogic.swift */; };
		23A5F37B2B21CFCD0008FFB2 /* GameOverView.swift in Sources */ = {isa = PBXBuildFile; fileRef = 23A5F37A2B21CFCD0008FFB2 /* GameOverView.swift */; };
		23A5F37F2B21D0480008FFB2 /* ParentView.swift in Sources */ = {isa = PBXBuildFile; fileRef = 23A5F37E2B21D0480008FFB2 /* ParentView.swift */; };
		23A5F3852B21D1B30008FFB2 /* ScoreView.swift in Sources */ = {isa = PBXBuildFile; fileRef = 23A5F3842B21D1B30008FFB2 /* ScoreView.swift */; };
		23A5F38A2B21D34B0008FFB2 /* Preview Content in Resources */ = {isa = PBXBuildFile; fileRef = 23A5F3892B21D34A0008FFB2 /* Preview Content */; };
		23A5F38F2B21D4180008FFB2 /* ExperiencePoints.swift in Sources */ = {isa = PBXBuildFile; fileRef = 23A5F38E2B21D4180008FFB2 /* ExperiencePoints.swift */; };
		23A5F3912B21D42D0008FFB2 /* SceneSetUp.swift in Sources */ = {isa = PBXBuildFile; fileRef = 23A5F3902B21D42D0008FFB2 /* SceneSetUp.swift */; };
		23A5F3952B21D4E90008FFB2 /* EnemyBehavior.swift in Sources */ = {isa = PBXBuildFile; fileRef = 23A5F3942B21D4E90008FFB2 /* EnemyBehavior.swift */; };
		3E47CAC52B76643600837773 /* TutorialMenu.swift in Sources */ = {isa = PBXBuildFile; fileRef = 3E47CAC42B76643600837773 /* TutorialMenu.swift */; };
		3E5C618E2BAB96E7003B7A6A /* Localizable.xcstrings in Resources */ = {isa = PBXBuildFile; fileRef = 3E88BDCB2BAB7C3700610203 /* Localizable.xcstrings */; };
		3EF2DD5A2B7396380089ACB7 /* TutorialView.swift in Sources */ = {isa = PBXBuildFile; fileRef = 3EF2DD592B7396380089ACB7 /* TutorialView.swift */; };
		6B4703532B2DC76B007A6E4C /* PickUps.swift in Sources */ = {isa = PBXBuildFile; fileRef = 6B4703522B2DC76B007A6E4C /* PickUps.swift */; };
		6B99D2C12B21DF6C0069204F /* GameOver.swift in Sources */ = {isa = PBXBuildFile; fileRef = 6B99D2C02B21DF6C0069204F /* GameOver.swift */; };
		6B9BF2D22B29B4AD0048F887 /* PowerUp.swift in Sources */ = {isa = PBXBuildFile; fileRef = 6B9BF2D12B29B4AD0048F887 /* PowerUp.swift */; };
		6BADBF8C2B2BBBED0047B2F9 /* TimeIntervalExtension.swift in Sources */ = {isa = PBXBuildFile; fileRef = 6BADBF8B2B2BBBED0047B2F9 /* TimeIntervalExtension.swift */; };
		6BE822062B345D5600962953 /* PlayerSetUp.swift in Sources */ = {isa = PBXBuildFile; fileRef = 6BE822052B345D5600962953 /* PlayerSetUp.swift */; };
		6BE8220B2B34634E00962953 /* Tilemap.swift in Sources */ = {isa = PBXBuildFile; fileRef = 6BE8220A2B34634E00962953 /* Tilemap.swift */; };
		6BE8220E2B3464C200962953 /* CGPointExtension.swift in Sources */ = {isa = PBXBuildFile; fileRef = 6BE8220D2B3464C200962953 /* CGPointExtension.swift */; };
		6BFDBA662B28D8700069F3F7 /* PowerUpView.swift in Sources */ = {isa = PBXBuildFile; fileRef = 6BFDBA652B28D8700069F3F7 /* PowerUpView.swift */; };
		931293F92B21D93F009B2441 /* Joystick.swift in Sources */ = {isa = PBXBuildFile; fileRef = 931293F82B21D93F009B2441 /* Joystick.swift */; };
		934BBFDD2B28539B00B8D541 /* ExpView.swift in Sources */ = {isa = PBXBuildFile; fileRef = 934BBFDC2B28539B00B8D541 /* ExpView.swift */; };
		934BBFE32B29CFE200B8D541 /* LEVELUP.mp3 in Resources */ = {isa = PBXBuildFile; fileRef = 934BBFE22B29CFE200B8D541 /* LEVELUP.mp3 */; };
		934BBFE52B29CFEE00B8D541 /* DEATH.mp3 in Resources */ = {isa = PBXBuildFile; fileRef = 934BBFE42B29CFEE00B8D541 /* DEATH.mp3 */; };
		934BBFE72B29D06000B8D541 /* HIT.mp3 in Resources */ = {isa = PBXBuildFile; fileRef = 934BBFE62B29D06000B8D541 /* HIT.mp3 */; };
		934BBFE92B2C5BF400B8D541 /* BULLETS.mp3 in Resources */ = {isa = PBXBuildFile; fileRef = 934BBFE82B2C5BF400B8D541 /* BULLETS.mp3 */; };
		9D0A40602BAC693F00A738B3 /* EnemyBossNode.swift in Sources */ = {isa = PBXBuildFile; fileRef = 9D0A405F2BAC693F00A738B3 /* EnemyBossNode.swift */; };
		9D0A40622BAC694C00A738B3 /* EnemyBodyBossNode.swift in Sources */ = {isa = PBXBuildFile; fileRef = 9D0A40612BAC694C00A738B3 /* EnemyBodyBossNode.swift */; };
		9D1E6B202B711A4A0013D59E /* SettingsMenu.swift in Sources */ = {isa = PBXBuildFile; fileRef = 9D1E6B1F2B711A4A0013D59E /* SettingsMenu.swift */; };
		9D3EDD382B1F3FD200C5DF7B /* RobotSurvivorApp.swift in Sources */ = {isa = PBXBuildFile; fileRef = 9D3EDD372B1F3FD200C5DF7B /* RobotSurvivorApp.swift */; };
		9D3EDD3A2B1F3FD200C5DF7B /* GameView.swift in Sources */ = {isa = PBXBuildFile; fileRef = 9D3EDD392B1F3FD200C5DF7B /* GameView.swift */; };
		9D3EDD3C2B1F3FD200C5DF7B /* Assets.xcassets in Resources */ = {isa = PBXBuildFile; fileRef = 9D3EDD3B2B1F3FD200C5DF7B /* Assets.xcassets */; };
		9D59B0F82BA05BBC00C9B627 /* PlayerNode.swift in Sources */ = {isa = PBXBuildFile; fileRef = 9D59B0F72BA05BBC00C9B627 /* PlayerNode.swift */; };
		9D77C9542B2A022D00781A25 /* game2.mp3 in Resources */ = {isa = PBXBuildFile; fileRef = 9D77C9522B2A022D00781A25 /* game2.mp3 */; };
		9D77C9552B2A022D00781A25 /* game3.mp3 in Resources */ = {isa = PBXBuildFile; fileRef = 9D77C9532B2A022D00781A25 /* game3.mp3 */; };
		9DD1D6CC2B29CAB00027768C /* mainmenu.mp3 in Resources */ = {isa = PBXBuildFile; fileRef = 9DD1D6CB2B29CAB00027768C /* mainmenu.mp3 */; };
		9DD8E2B42B20A777000998F3 /* GameScene.swift in Sources */ = {isa = PBXBuildFile; fileRef = 9DD8E2B32B20A777000998F3 /* GameScene.swift */; };
		9DFFA2CD2B76785500581F16 /* ChooseCharView.swift in Sources */ = {isa = PBXBuildFile; fileRef = 9DFFA2CC2B76785500581F16 /* ChooseCharView.swift */; };
		9DFFA2CF2B767BE100581F16 /* SkinPreviewScene.swift in Sources */ = {isa = PBXBuildFile; fileRef = 9DFFA2CE2B767BE100581F16 /* SkinPreviewScene.swift */; };
		EE2F23B52B2853D8000E3490 /* Silkscreen-Bold.ttf in Resources */ = {isa = PBXBuildFile; fileRef = EE2F23B32B2853D8000E3490 /* Silkscreen-Bold.ttf */; };
		EE2F23B62B2853D8000E3490 /* Silkscreen-Regular.ttf in Resources */ = {isa = PBXBuildFile; fileRef = EE2F23B42B2853D8000E3490 /* Silkscreen-Regular.ttf */; };
		EE8F34442B30615100321E56 /* CreditsView.swift in Sources */ = {isa = PBXBuildFile; fileRef = EE8F34432B30615100321E56 /* CreditsView.swift */; };
		EEA581742B2B667C0068148C /* PixelArtButtonView.swift in Sources */ = {isa = PBXBuildFile; fileRef = EEA581732B2B667C0068148C /* PixelArtButtonView.swift */; };
		EEA581762B2B66A50068148C /* MainMenuView.swift in Sources */ = {isa = PBXBuildFile; fileRef = EEA581752B2B66A50068148C /* MainMenuView.swift */; };
		EEF253402B2C966D00DDE44B /* PauseMenuView.swift in Sources */ = {isa = PBXBuildFile; fileRef = EEF2533F2B2C966D00DDE44B /* PauseMenuView.swift */; };
/* End PBXBuildFile section */

/* Begin PBXFileReference section */
		232CC4452B2DE3CC00834B76 /* game1.mp3 */ = {isa = PBXFileReference; lastKnownFileType = audio.mp3; path = game1.mp3; sourceTree = "<group>"; };
		233614722B2A0C0600446D77 /* BackgroundMusic.swift */ = {isa = PBXFileReference; lastKnownFileType = sourcecode.swift; path = BackgroundMusic.swift; sourceTree = "<group>"; };
		233F1F4E2B27039800EF01FC /* EnemyType.swift */ = {isa = PBXFileReference; lastKnownFileType = sourcecode.swift; path = EnemyType.swift; sourceTree = "<group>"; };
		233F1F502B27244C00EF01FC /* EnemyNode.swift */ = {isa = PBXFileReference; lastKnownFileType = sourcecode.swift; path = EnemyNode.swift; sourceTree = "<group>"; };
		233F1F532B272C6E00EF01FC /* EnemyTypesVM.swift */ = {isa = PBXFileReference; lastKnownFileType = sourcecode.swift; path = EnemyTypesVM.swift; sourceTree = "<group>"; };
		233F1F552B273C5D00EF01FC /* ContactsCollisions.swift */ = {isa = PBXFileReference; lastKnownFileType = sourcecode.swift; path = ContactsCollisions.swift; sourceTree = "<group>"; };
		233F1F582B286B5400EF01FC /* Constants.swift */ = {isa = PBXFileReference; lastKnownFileType = sourcecode.swift; path = Constants.swift; sourceTree = "<group>"; };
		2347545A2B29A7520063537F /* PlayerBehavior.swift */ = {isa = PBXFileReference; lastKnownFileType = sourcecode.swift; path = PlayerBehavior.swift; sourceTree = "<group>"; };
		23A5F3782B21CFA10008FFB2 /* GameLogic.swift */ = {isa = PBXFileReference; lastKnownFileType = sourcecode.swift; path = GameLogic.swift; sourceTree = "<group>"; };
		23A5F37A2B21CFCD0008FFB2 /* GameOverView.swift */ = {isa = PBXFileReference; lastKnownFileType = sourcecode.swift; path = GameOverView.swift; sourceTree = "<group>"; };
		23A5F37E2B21D0480008FFB2 /* ParentView.swift */ = {isa = PBXFileReference; lastKnownFileType = sourcecode.swift; path = ParentView.swift; sourceTree = "<group>"; };
		23A5F3842B21D1B30008FFB2 /* ScoreView.swift */ = {isa = PBXFileReference; lastKnownFileType = sourcecode.swift; path = ScoreView.swift; sourceTree = "<group>"; };
		23A5F3892B21D34A0008FFB2 /* Preview Content */ = {isa = PBXFileReference; lastKnownFileType = folder; path = "Preview Content"; sourceTree = "<group>"; };
		23A5F38E2B21D4180008FFB2 /* ExperiencePoints.swift */ = {isa = PBXFileReference; lastKnownFileType = sourcecode.swift; path = ExperiencePoints.swift; sourceTree = "<group>"; };
		23A5F3902B21D42D0008FFB2 /* SceneSetUp.swift */ = {isa = PBXFileReference; lastKnownFileType = sourcecode.swift; path = SceneSetUp.swift; sourceTree = "<group>"; };
		23A5F3942B21D4E90008FFB2 /* EnemyBehavior.swift */ = {isa = PBXFileReference; lastKnownFileType = sourcecode.swift; path = EnemyBehavior.swift; sourceTree = "<group>"; };
		3E47CAC42B76643600837773 /* TutorialMenu.swift */ = {isa = PBXFileReference; lastKnownFileType = sourcecode.swift; path = TutorialMenu.swift; sourceTree = "<group>"; };
		3E88BDCB2BAB7C3700610203 /* Localizable.xcstrings */ = {isa = PBXFileReference; lastKnownFileType = text.json.xcstrings; path = Localizable.xcstrings; sourceTree = "<group>"; };
		3EF2DD592B7396380089ACB7 /* TutorialView.swift */ = {isa = PBXFileReference; lastKnownFileType = sourcecode.swift; path = TutorialView.swift; sourceTree = "<group>"; };
		6B4703522B2DC76B007A6E4C /* PickUps.swift */ = {isa = PBXFileReference; lastKnownFileType = sourcecode.swift; path = PickUps.swift; sourceTree = "<group>"; };
		6B99D2C02B21DF6C0069204F /* GameOver.swift */ = {isa = PBXFileReference; lastKnownFileType = sourcecode.swift; path = GameOver.swift; sourceTree = "<group>"; };
		6B9BF2D12B29B4AD0048F887 /* PowerUp.swift */ = {isa = PBXFileReference; lastKnownFileType = sourcecode.swift; path = PowerUp.swift; sourceTree = "<group>"; };
		6BADBF8B2B2BBBED0047B2F9 /* TimeIntervalExtension.swift */ = {isa = PBXFileReference; lastKnownFileType = sourcecode.swift; path = TimeIntervalExtension.swift; sourceTree = "<group>"; };
		6BE822052B345D5600962953 /* PlayerSetUp.swift */ = {isa = PBXFileReference; lastKnownFileType = sourcecode.swift; path = PlayerSetUp.swift; sourceTree = "<group>"; };
		6BE8220A2B34634E00962953 /* Tilemap.swift */ = {isa = PBXFileReference; lastKnownFileType = sourcecode.swift; path = Tilemap.swift; sourceTree = "<group>"; };
		6BE8220D2B3464C200962953 /* CGPointExtension.swift */ = {isa = PBXFileReference; lastKnownFileType = sourcecode.swift; path = CGPointExtension.swift; sourceTree = "<group>"; };
		6BFDBA652B28D8700069F3F7 /* PowerUpView.swift */ = {isa = PBXFileReference; lastKnownFileType = sourcecode.swift; path = PowerUpView.swift; sourceTree = "<group>"; };
		931293F82B21D93F009B2441 /* Joystick.swift */ = {isa = PBXFileReference; lastKnownFileType = sourcecode.swift; path = Joystick.swift; sourceTree = "<group>"; };
		934BBFDC2B28539B00B8D541 /* ExpView.swift */ = {isa = PBXFileReference; lastKnownFileType = sourcecode.swift; path = ExpView.swift; sourceTree = "<group>"; };
		934BBFE22B29CFE200B8D541 /* LEVELUP.mp3 */ = {isa = PBXFileReference; lastKnownFileType = audio.mp3; path = LEVELUP.mp3; sourceTree = "<group>"; };
		934BBFE42B29CFEE00B8D541 /* DEATH.mp3 */ = {isa = PBXFileReference; lastKnownFileType = audio.mp3; path = DEATH.mp3; sourceTree = "<group>"; };
		934BBFE62B29D06000B8D541 /* HIT.mp3 */ = {isa = PBXFileReference; lastKnownFileType = audio.mp3; path = HIT.mp3; sourceTree = "<group>"; };
		934BBFE82B2C5BF400B8D541 /* BULLETS.mp3 */ = {isa = PBXFileReference; lastKnownFileType = audio.mp3; path = BULLETS.mp3; sourceTree = "<group>"; };
		9D0A405F2BAC693F00A738B3 /* EnemyBossNode.swift */ = {isa = PBXFileReference; lastKnownFileType = sourcecode.swift; path = EnemyBossNode.swift; sourceTree = "<group>"; };
		9D0A40612BAC694C00A738B3 /* EnemyBodyBossNode.swift */ = {isa = PBXFileReference; lastKnownFileType = sourcecode.swift; path = EnemyBodyBossNode.swift; sourceTree = "<group>"; };
		9D1E6B1F2B711A4A0013D59E /* SettingsMenu.swift */ = {isa = PBXFileReference; fileEncoding = 4; lastKnownFileType = sourcecode.swift; path = SettingsMenu.swift; sourceTree = "<group>"; };
		9D3EDD342B1F3FD200C5DF7B /* Robot Survivor.app */ = {isa = PBXFileReference; explicitFileType = wrapper.application; includeInIndex = 0; path = "Robot Survivor.app"; sourceTree = BUILT_PRODUCTS_DIR; };
		9D3EDD372B1F3FD200C5DF7B /* RobotSurvivorApp.swift */ = {isa = PBXFileReference; lastKnownFileType = sourcecode.swift; path = RobotSurvivorApp.swift; sourceTree = "<group>"; };
		9D3EDD392B1F3FD200C5DF7B /* GameView.swift */ = {isa = PBXFileReference; lastKnownFileType = sourcecode.swift; path = GameView.swift; sourceTree = "<group>"; };
		9D3EDD3B2B1F3FD200C5DF7B /* Assets.xcassets */ = {isa = PBXFileReference; lastKnownFileType = folder.assetcatalog; path = Assets.xcassets; sourceTree = "<group>"; };
		9D59B0F02BA0456D00C9B627 /* Robot Survivor.entitlements */ = {isa = PBXFileReference; lastKnownFileType = text.plist.entitlements; path = "Robot Survivor.entitlements"; sourceTree = "<group>"; };
		9D59B0F72BA05BBC00C9B627 /* PlayerNode.swift */ = {isa = PBXFileReference; lastKnownFileType = sourcecode.swift; path = PlayerNode.swift; sourceTree = "<group>"; };
		9D77C9522B2A022D00781A25 /* game2.mp3 */ = {isa = PBXFileReference; lastKnownFileType = audio.mp3; path = game2.mp3; sourceTree = "<group>"; };
		9D77C9532B2A022D00781A25 /* game3.mp3 */ = {isa = PBXFileReference; lastKnownFileType = audio.mp3; path = game3.mp3; sourceTree = "<group>"; };
		9DD1D6CB2B29CAB00027768C /* mainmenu.mp3 */ = {isa = PBXFileReference; lastKnownFileType = audio.mp3; path = mainmenu.mp3; sourceTree = "<group>"; };
		9DD8E2B32B20A777000998F3 /* GameScene.swift */ = {isa = PBXFileReference; lastKnownFileType = sourcecode.swift; path = GameScene.swift; sourceTree = "<group>"; };
		9DFFA2CC2B76785500581F16 /* ChooseCharView.swift */ = {isa = PBXFileReference; lastKnownFileType = sourcecode.swift; path = ChooseCharView.swift; sourceTree = "<group>"; };
		9DFFA2CE2B767BE100581F16 /* SkinPreviewScene.swift */ = {isa = PBXFileReference; lastKnownFileType = sourcecode.swift; path = SkinPreviewScene.swift; sourceTree = "<group>"; };
		EE2F23B32B2853D8000E3490 /* Silkscreen-Bold.ttf */ = {isa = PBXFileReference; lastKnownFileType = file; path = "Silkscreen-Bold.ttf"; sourceTree = "<group>"; };
		EE2F23B42B2853D8000E3490 /* Silkscreen-Regular.ttf */ = {isa = PBXFileReference; lastKnownFileType = file; path = "Silkscreen-Regular.ttf"; sourceTree = "<group>"; };
		EE2F23B72B2853EE000E3490 /* Info.plist */ = {isa = PBXFileReference; lastKnownFileType = text.plist; path = Info.plist; sourceTree = "<group>"; };
		EE8F34432B30615100321E56 /* CreditsView.swift */ = {isa = PBXFileReference; lastKnownFileType = sourcecode.swift; path = CreditsView.swift; sourceTree = "<group>"; };
		EEA581732B2B667C0068148C /* PixelArtButtonView.swift */ = {isa = PBXFileReference; fileEncoding = 4; lastKnownFileType = sourcecode.swift; path = PixelArtButtonView.swift; sourceTree = "<group>"; };
		EEA581752B2B66A50068148C /* MainMenuView.swift */ = {isa = PBXFileReference; fileEncoding = 4; lastKnownFileType = sourcecode.swift; path = MainMenuView.swift; sourceTree = "<group>"; };
		EEF2533F2B2C966D00DDE44B /* PauseMenuView.swift */ = {isa = PBXFileReference; lastKnownFileType = sourcecode.swift; path = PauseMenuView.swift; sourceTree = "<group>"; };
/* End PBXFileReference section */

/* Begin PBXFrameworksBuildPhase section */
		9D3EDD312B1F3FD200C5DF7B /* Frameworks */ = {
			isa = PBXFrameworksBuildPhase;
			buildActionMask = 2147483647;
			files = (
			);
			runOnlyForDeploymentPostprocessing = 0;
		};
/* End PBXFrameworksBuildPhase section */

/* Begin PBXGroup section */
		233F1F522B272C2300EF01FC /* ViewModel */ = {
			isa = PBXGroup;
			children = (
				233F1F532B272C6E00EF01FC /* EnemyTypesVM.swift */,
			);
			path = ViewModel;
			sourceTree = "<group>";
		};
		233F1F572B286AD000EF01FC /* SupportingFiles */ = {
			isa = PBXGroup;
			children = (
				233F1F582B286B5400EF01FC /* Constants.swift */,
				6BADBF8B2B2BBBED0047B2F9 /* TimeIntervalExtension.swift */,
				6BE8220D2B3464C200962953 /* CGPointExtension.swift */,
			);
			path = SupportingFiles;
			sourceTree = "<group>";
		};
		23A5F3812B21D0B40008FFB2 /* Views */ = {
			isa = PBXGroup;
			children = (
				9DFFA2CC2B76785500581F16 /* ChooseCharView.swift */,
				23A5F3822B21D0C50008FFB2 /* HUD */,
				23A5F37E2B21D0480008FFB2 /* ParentView.swift */,
				EEA581752B2B66A50068148C /* MainMenuView.swift */,
				EEF2533F2B2C966D00DDE44B /* PauseMenuView.swift */,
				3E47CAC42B76643600837773 /* TutorialMenu.swift */,
				6BFDBA652B28D8700069F3F7 /* PowerUpView.swift */,
				EE8F34432B30615100321E56 /* CreditsView.swift */,
				9D1E6B1F2B711A4A0013D59E /* SettingsMenu.swift */,
				9D3EDD392B1F3FD200C5DF7B /* GameView.swift */,
				23A5F37A2B21CFCD0008FFB2 /* GameOverView.swift */,
				EE2F23B32B2853D8000E3490 /* Silkscreen-Bold.ttf */,
				EE2F23B42B2853D8000E3490 /* Silkscreen-Regular.ttf */,
			);
			path = Views;
			sourceTree = "<group>";
		};
		23A5F3822B21D0C50008FFB2 /* HUD */ = {
			isa = PBXGroup;
			children = (
				23A5F3842B21D1B30008FFB2 /* ScoreView.swift */,
				934BBFDC2B28539B00B8D541 /* ExpView.swift */,
				EEA581732B2B667C0068148C /* PixelArtButtonView.swift */,
				3EF2DD592B7396380089ACB7 /* TutorialView.swift */,
			);
			path = HUD;
			sourceTree = "<group>";
		};
		23A5F3882B21D2260008FFB2 /* Game */ = {
			isa = PBXGroup;
			children = (
				9DFFA2CE2B767BE100581F16 /* SkinPreviewScene.swift */,
				23A5F38B2B21D3A30008FFB2 /* Components */,
				9DD8E2B32B20A777000998F3 /* GameScene.swift */,
				23A5F3782B21CFA10008FFB2 /* GameLogic.swift */,
				931293F82B21D93F009B2441 /* Joystick.swift */,
			);
			path = Game;
			sourceTree = "<group>";
		};
		23A5F38B2B21D3A30008FFB2 /* Components */ = {
			isa = PBXGroup;
			children = (
				6BE822082B345F4E00962953 /* Player */,
				6BE822072B345E3100962953 /* Enemy */,
				6BE8220C2B34644800962953 /* Map */,
				6BE822092B3460F900962953 /* Interactive Elements */,
				6B9BF2D12B29B4AD0048F887 /* PowerUp.swift */,
				23A5F3902B21D42D0008FFB2 /* SceneSetUp.swift */,
				6B99D2C02B21DF6C0069204F /* GameOver.swift */,
				233F1F552B273C5D00EF01FC /* ContactsCollisions.swift */,
				233614722B2A0C0600446D77 /* BackgroundMusic.swift */,
			);
			path = Components;
			sourceTree = "<group>";
		};
		6BE822072B345E3100962953 /* Enemy */ = {
			isa = PBXGroup;
			children = (
				233F1F4E2B27039800EF01FC /* EnemyType.swift */,
				23A5F3942B21D4E90008FFB2 /* EnemyBehavior.swift */,
				233F1F502B27244C00EF01FC /* EnemyNode.swift */,
				9D0A405F2BAC693F00A738B3 /* EnemyBossNode.swift */,
				9D0A40612BAC694C00A738B3 /* EnemyBodyBossNode.swift */,
			);
			path = Enemy;
			sourceTree = "<group>";
		};
		6BE822082B345F4E00962953 /* Player */ = {
			isa = PBXGroup;
			children = (
				6BE822052B345D5600962953 /* PlayerSetUp.swift */,
				2347545A2B29A7520063537F /* PlayerBehavior.swift */,
				9D59B0F72BA05BBC00C9B627 /* PlayerNode.swift */,
			);
			path = Player;
			sourceTree = "<group>";
		};
		6BE822092B3460F900962953 /* Interactive Elements */ = {
			isa = PBXGroup;
			children = (
				23A5F38E2B21D4180008FFB2 /* ExperiencePoints.swift */,
				6B4703522B2DC76B007A6E4C /* PickUps.swift */,
			);
			path = "Interactive Elements";
			sourceTree = "<group>";
		};
		6BE8220C2B34644800962953 /* Map */ = {
			isa = PBXGroup;
			children = (
				6BE8220A2B34634E00962953 /* Tilemap.swift */,
			);
			path = Map;
			sourceTree = "<group>";
		};
		9D3EDD2B2B1F3FD200C5DF7B = {
			isa = PBXGroup;
			children = (
				9D59B0F02BA0456D00C9B627 /* Robot Survivor.entitlements */,
				3E88BDCB2BAB7C3700610203 /* Localizable.xcstrings */,
				9D3EDD362B1F3FD200C5DF7B /* RobotSurvivor */,
				9D3EDD352B1F3FD200C5DF7B /* Products */,
			);
			sourceTree = "<group>";
		};
		9D3EDD352B1F3FD200C5DF7B /* Products */ = {
			isa = PBXGroup;
			children = (
				9D3EDD342B1F3FD200C5DF7B /* Robot Survivor.app */,
			);
			name = Products;
			sourceTree = "<group>";
		};
		9D3EDD362B1F3FD200C5DF7B /* RobotSurvivor */ = {
			isa = PBXGroup;
			children = (
				9DD1D6CD2B29CCBB0027768C /* Sounds */,
				EE2F23B72B2853EE000E3490 /* Info.plist */,
				9D3EDD372B1F3FD200C5DF7B /* RobotSurvivorApp.swift */,
				233F1F572B286AD000EF01FC /* SupportingFiles */,
				23A5F3882B21D2260008FFB2 /* Game */,
				23A5F3812B21D0B40008FFB2 /* Views */,
				233F1F522B272C2300EF01FC /* ViewModel */,
				9D3EDD3B2B1F3FD200C5DF7B /* Assets.xcassets */,
				23A5F3892B21D34A0008FFB2 /* Preview Content */,
			);
			path = RobotSurvivor;
			sourceTree = "<group>";
		};
		9DD1D6CD2B29CCBB0027768C /* Sounds */ = {
			isa = PBXGroup;
			children = (
				934BBFE82B2C5BF400B8D541 /* BULLETS.mp3 */,
				934BBFE62B29D06000B8D541 /* HIT.mp3 */,
				934BBFE42B29CFEE00B8D541 /* DEATH.mp3 */,
				934BBFE22B29CFE200B8D541 /* LEVELUP.mp3 */,
				232CC4452B2DE3CC00834B76 /* game1.mp3 */,
				9DD1D6CB2B29CAB00027768C /* mainmenu.mp3 */,
				9D77C9532B2A022D00781A25 /* game3.mp3 */,
				9D77C9522B2A022D00781A25 /* game2.mp3 */,
			);
			path = Sounds;
			sourceTree = "<group>";
		};
/* End PBXGroup section */

/* Begin PBXNativeTarget section */
		9D3EDD332B1F3FD200C5DF7B /* Robot Survivor */ = {
			isa = PBXNativeTarget;
			buildConfigurationList = 9D3EDD422B1F3FD200C5DF7B /* Build configuration list for PBXNativeTarget "Robot Survivor" */;
			buildPhases = (
				9D3EDD302B1F3FD200C5DF7B /* Sources */,
				9D3EDD312B1F3FD200C5DF7B /* Frameworks */,
				9D3EDD322B1F3FD200C5DF7B /* Resources */,
			);
			buildRules = (
			);
			dependencies = (
			);
			name = "Robot Survivor";
			productName = UntitledGame;
			productReference = 9D3EDD342B1F3FD200C5DF7B /* Robot Survivor.app */;
			productType = "com.apple.product-type.application";
		};
/* End PBXNativeTarget section */

/* Begin PBXProject section */
		9D3EDD2C2B1F3FD200C5DF7B /* Project object */ = {
			isa = PBXProject;
			attributes = {
				BuildIndependentTargetsInParallel = 1;
				LastSwiftUpdateCheck = 1500;
				LastUpgradeCheck = 1500;
				TargetAttributes = {
					9D3EDD332B1F3FD200C5DF7B = {
						CreatedOnToolsVersion = 15.0.1;
					};
				};
			};
			buildConfigurationList = 9D3EDD2F2B1F3FD200C5DF7B /* Build configuration list for PBXProject "Robot Survivor" */;
			compatibilityVersion = "Xcode 15.0";
			developmentRegion = en;
			hasScannedForEncodings = 0;
			knownRegions = (
				en,
				it,
				Base,
			);
			mainGroup = 9D3EDD2B2B1F3FD200C5DF7B;
			productRefGroup = 9D3EDD352B1F3FD200C5DF7B /* Products */;
			projectDirPath = "";
			projectRoot = "";
			targets = (
				9D3EDD332B1F3FD200C5DF7B /* Robot Survivor */,
			);
		};
/* End PBXProject section */

/* Begin PBXResourcesBuildPhase section */
		9D3EDD322B1F3FD200C5DF7B /* Resources */ = {
			isa = PBXResourcesBuildPhase;
			buildActionMask = 2147483647;
			files = (
				934BBFE32B29CFE200B8D541 /* LEVELUP.mp3 in Resources */,
				232CC4462B2DE3CC00834B76 /* game1.mp3 in Resources */,
				9D77C9552B2A022D00781A25 /* game3.mp3 in Resources */,
				9D77C9542B2A022D00781A25 /* game2.mp3 in Resources */,
				EE2F23B62B2853D8000E3490 /* Silkscreen-Regular.ttf in Resources */,
				934BBFE92B2C5BF400B8D541 /* BULLETS.mp3 in Resources */,
				3E5C618E2BAB96E7003B7A6A /* Localizable.xcstrings in Resources */,
				23A5F38A2B21D34B0008FFB2 /* Preview Content in Resources */,
				934BBFE72B29D06000B8D541 /* HIT.mp3 in Resources */,
				EE2F23B52B2853D8000E3490 /* Silkscreen-Bold.ttf in Resources */,
				9DD1D6CC2B29CAB00027768C /* mainmenu.mp3 in Resources */,
				934BBFE52B29CFEE00B8D541 /* DEATH.mp3 in Resources */,
				9D3EDD3C2B1F3FD200C5DF7B /* Assets.xcassets in Resources */,
			);
			runOnlyForDeploymentPostprocessing = 0;
		};
/* End PBXResourcesBuildPhase section */

/* Begin PBXSourcesBuildPhase section */
		9D3EDD302B1F3FD200C5DF7B /* Sources */ = {
			isa = PBXSourcesBuildPhase;
			buildActionMask = 2147483647;
			files = (
				6BADBF8C2B2BBBED0047B2F9 /* TimeIntervalExtension.swift in Sources */,
				233F1F592B286B5400EF01FC /* Constants.swift in Sources */,
				9D59B0F82BA05BBC00C9B627 /* PlayerNode.swift in Sources */,
				233F1F542B272C6E00EF01FC /* EnemyTypesVM.swift in Sources */,
				23A5F3852B21D1B30008FFB2 /* ScoreView.swift in Sources */,
				23A5F37B2B21CFCD0008FFB2 /* GameOverView.swift in Sources */,
				2347545B2B29A7520063537F /* PlayerBehavior.swift in Sources */,
				9D0A40622BAC694C00A738B3 /* EnemyBodyBossNode.swift in Sources */,
				23A5F3952B21D4E90008FFB2 /* EnemyBehavior.swift in Sources */,
				9DFFA2CD2B76785500581F16 /* ChooseCharView.swift in Sources */,
				EEA581762B2B66A50068148C /* MainMenuView.swift in Sources */,
				9DD8E2B42B20A777000998F3 /* GameScene.swift in Sources */,
				EE8F34442B30615100321E56 /* CreditsView.swift in Sources */,
				9D3EDD3A2B1F3FD200C5DF7B /* GameView.swift in Sources */,
				9D1E6B202B711A4A0013D59E /* SettingsMenu.swift in Sources */,
				6B4703532B2DC76B007A6E4C /* PickUps.swift in Sources */,
				9D0A40602BAC693F00A738B3 /* EnemyBossNode.swift in Sources */,
				EEA581742B2B667C0068148C /* PixelArtButtonView.swift in Sources */,
				233614732B2A0C0600446D77 /* BackgroundMusic.swift in Sources */,
				6B9BF2D22B29B4AD0048F887 /* PowerUp.swift in Sources */,
				23A5F37F2B21D0480008FFB2 /* ParentView.swift in Sources */,
				EEF253402B2C966D00DDE44B /* PauseMenuView.swift in Sources */,
				23A5F3792B21CFA10008FFB2 /* GameLogic.swift in Sources */,
				6BE822062B345D5600962953 /* PlayerSetUp.swift in Sources */,
				6BE8220B2B34634E00962953 /* Tilemap.swift in Sources */,
				9DFFA2CF2B767BE100581F16 /* SkinPreviewScene.swift in Sources */,
				23A5F38F2B21D4180008FFB2 /* ExperiencePoints.swift in Sources */,
				233F1F4F2B27039800EF01FC /* EnemyType.swift in Sources */,
				934BBFDD2B28539B00B8D541 /* ExpView.swift in Sources */,
				931293F92B21D93F009B2441 /* Joystick.swift in Sources */,
				3EF2DD5A2B7396380089ACB7 /* TutorialView.swift in Sources */,
				23A5F3912B21D42D0008FFB2 /* SceneSetUp.swift in Sources */,
				9D3EDD382B1F3FD200C5DF7B /* RobotSurvivorApp.swift in Sources */,
				3E47CAC52B76643600837773 /* TutorialMenu.swift in Sources */,
				233F1F562B273C5D00EF01FC /* ContactsCollisions.swift in Sources */,
				6BFDBA662B28D8700069F3F7 /* PowerUpView.swift in Sources */,
				233F1F512B27244C00EF01FC /* EnemyNode.swift in Sources */,
				6B99D2C12B21DF6C0069204F /* GameOver.swift in Sources */,
				6BE8220E2B3464C200962953 /* CGPointExtension.swift in Sources */,
			);
			runOnlyForDeploymentPostprocessing = 0;
		};
/* End PBXSourcesBuildPhase section */

/* Begin XCBuildConfiguration section */
		9D3EDD402B1F3FD200C5DF7B /* Debug */ = {
			isa = XCBuildConfiguration;
			buildSettings = {
				ALWAYS_SEARCH_USER_PATHS = NO;
				ASSETCATALOG_COMPILER_GENERATE_SWIFT_ASSET_SYMBOL_EXTENSIONS = YES;
				CLANG_ANALYZER_NONNULL = YES;
				CLANG_ANALYZER_NUMBER_OBJECT_CONVERSION = YES_AGGRESSIVE;
				CLANG_CXX_LANGUAGE_STANDARD = "gnu++20";
				CLANG_ENABLE_MODULES = YES;
				CLANG_ENABLE_OBJC_ARC = YES;
				CLANG_ENABLE_OBJC_WEAK = YES;
				CLANG_WARN_BLOCK_CAPTURE_AUTORELEASING = YES;
				CLANG_WARN_BOOL_CONVERSION = YES;
				CLANG_WARN_COMMA = YES;
				CLANG_WARN_CONSTANT_CONVERSION = YES;
				CLANG_WARN_DEPRECATED_OBJC_IMPLEMENTATIONS = YES;
				CLANG_WARN_DIRECT_OBJC_ISA_USAGE = YES_ERROR;
				CLANG_WARN_DOCUMENTATION_COMMENTS = YES;
				CLANG_WARN_EMPTY_BODY = YES;
				CLANG_WARN_ENUM_CONVERSION = YES;
				CLANG_WARN_INFINITE_RECURSION = YES;
				CLANG_WARN_INT_CONVERSION = YES;
				CLANG_WARN_NON_LITERAL_NULL_CONVERSION = YES;
				CLANG_WARN_OBJC_IMPLICIT_RETAIN_SELF = YES;
				CLANG_WARN_OBJC_LITERAL_CONVERSION = YES;
				CLANG_WARN_OBJC_ROOT_CLASS = YES_ERROR;
				CLANG_WARN_QUOTED_INCLUDE_IN_FRAMEWORK_HEADER = YES;
				CLANG_WARN_RANGE_LOOP_ANALYSIS = YES;
				CLANG_WARN_STRICT_PROTOTYPES = YES;
				CLANG_WARN_SUSPICIOUS_MOVE = YES;
				CLANG_WARN_UNGUARDED_AVAILABILITY = YES_AGGRESSIVE;
				CLANG_WARN_UNREACHABLE_CODE = YES;
				CLANG_WARN__DUPLICATE_METHOD_MATCH = YES;
				COPY_PHASE_STRIP = NO;
				DEBUG_INFORMATION_FORMAT = dwarf;
				ENABLE_STRICT_OBJC_MSGSEND = YES;
				ENABLE_TESTABILITY = YES;
				ENABLE_USER_SCRIPT_SANDBOXING = YES;
				GCC_C_LANGUAGE_STANDARD = gnu17;
				GCC_DYNAMIC_NO_PIC = NO;
				GCC_NO_COMMON_BLOCKS = YES;
				GCC_OPTIMIZATION_LEVEL = 0;
				GCC_PREPROCESSOR_DEFINITIONS = (
					"DEBUG=1",
					"$(inherited)",
				);
				GCC_WARN_64_TO_32_BIT_CONVERSION = YES;
				GCC_WARN_ABOUT_RETURN_TYPE = YES_ERROR;
				GCC_WARN_UNDECLARED_SELECTOR = YES;
				GCC_WARN_UNINITIALIZED_AUTOS = YES_AGGRESSIVE;
				GCC_WARN_UNUSED_FUNCTION = YES;
				GCC_WARN_UNUSED_VARIABLE = YES;
				IPHONEOS_DEPLOYMENT_TARGET = 15.0;
				LOCALIZATION_PREFERS_STRING_CATALOGS = YES;
				MTL_ENABLE_DEBUG_INFO = INCLUDE_SOURCE;
				MTL_FAST_MATH = YES;
				ONLY_ACTIVE_ARCH = YES;
				SDKROOT = iphoneos;
				SWIFT_ACTIVE_COMPILATION_CONDITIONS = "DEBUG $(inherited)";
				SWIFT_EMIT_LOC_STRINGS = YES;
				SWIFT_OPTIMIZATION_LEVEL = "-Onone";
			};
			name = Debug;
		};
		9D3EDD412B1F3FD200C5DF7B /* Release */ = {
			isa = XCBuildConfiguration;
			buildSettings = {
				ALWAYS_SEARCH_USER_PATHS = NO;
				ASSETCATALOG_COMPILER_GENERATE_SWIFT_ASSET_SYMBOL_EXTENSIONS = YES;
				CLANG_ANALYZER_NONNULL = YES;
				CLANG_ANALYZER_NUMBER_OBJECT_CONVERSION = YES_AGGRESSIVE;
				CLANG_CXX_LANGUAGE_STANDARD = "gnu++20";
				CLANG_ENABLE_MODULES = YES;
				CLANG_ENABLE_OBJC_ARC = YES;
				CLANG_ENABLE_OBJC_WEAK = YES;
				CLANG_WARN_BLOCK_CAPTURE_AUTORELEASING = YES;
				CLANG_WARN_BOOL_CONVERSION = YES;
				CLANG_WARN_COMMA = YES;
				CLANG_WARN_CONSTANT_CONVERSION = YES;
				CLANG_WARN_DEPRECATED_OBJC_IMPLEMENTATIONS = YES;
				CLANG_WARN_DIRECT_OBJC_ISA_USAGE = YES_ERROR;
				CLANG_WARN_DOCUMENTATION_COMMENTS = YES;
				CLANG_WARN_EMPTY_BODY = YES;
				CLANG_WARN_ENUM_CONVERSION = YES;
				CLANG_WARN_INFINITE_RECURSION = YES;
				CLANG_WARN_INT_CONVERSION = YES;
				CLANG_WARN_NON_LITERAL_NULL_CONVERSION = YES;
				CLANG_WARN_OBJC_IMPLICIT_RETAIN_SELF = YES;
				CLANG_WARN_OBJC_LITERAL_CONVERSION = YES;
				CLANG_WARN_OBJC_ROOT_CLASS = YES_ERROR;
				CLANG_WARN_QUOTED_INCLUDE_IN_FRAMEWORK_HEADER = YES;
				CLANG_WARN_RANGE_LOOP_ANALYSIS = YES;
				CLANG_WARN_STRICT_PROTOTYPES = YES;
				CLANG_WARN_SUSPICIOUS_MOVE = YES;
				CLANG_WARN_UNGUARDED_AVAILABILITY = YES_AGGRESSIVE;
				CLANG_WARN_UNREACHABLE_CODE = YES;
				CLANG_WARN__DUPLICATE_METHOD_MATCH = YES;
				COPY_PHASE_STRIP = NO;
				DEBUG_INFORMATION_FORMAT = "dwarf-with-dsym";
				ENABLE_NS_ASSERTIONS = NO;
				ENABLE_STRICT_OBJC_MSGSEND = YES;
				ENABLE_USER_SCRIPT_SANDBOXING = YES;
				GCC_C_LANGUAGE_STANDARD = gnu17;
				GCC_NO_COMMON_BLOCKS = YES;
				GCC_WARN_64_TO_32_BIT_CONVERSION = YES;
				GCC_WARN_ABOUT_RETURN_TYPE = YES_ERROR;
				GCC_WARN_UNDECLARED_SELECTOR = YES;
				GCC_WARN_UNINITIALIZED_AUTOS = YES_AGGRESSIVE;
				GCC_WARN_UNUSED_FUNCTION = YES;
				GCC_WARN_UNUSED_VARIABLE = YES;
				IPHONEOS_DEPLOYMENT_TARGET = 15.0;
				LOCALIZATION_PREFERS_STRING_CATALOGS = YES;
				MTL_ENABLE_DEBUG_INFO = NO;
				MTL_FAST_MATH = YES;
				SDKROOT = iphoneos;
				SWIFT_COMPILATION_MODE = wholemodule;
				SWIFT_EMIT_LOC_STRINGS = YES;
				VALIDATE_PRODUCT = YES;
			};
			name = Release;
		};
		9D3EDD432B1F3FD200C5DF7B /* Debug */ = {
			isa = XCBuildConfiguration;
			buildSettings = {
				ASSETCATALOG_COMPILER_APPICON_NAME = AppIcon;
				ASSETCATALOG_COMPILER_GLOBAL_ACCENT_COLOR_NAME = AccentColor;
				ASSETCATALOG_COMPILER_INCLUDE_INFOPLIST_LOCALIZATIONS = NO;
				CODE_SIGN_ENTITLEMENTS = "Robot Survivor.entitlements";
				CODE_SIGN_STYLE = Automatic;
				CURRENT_PROJECT_VERSION = 1;
				DEVELOPMENT_ASSET_PATHS = "";
				DEVELOPMENT_TEAM = WLW428B75Y;
				ENABLE_PREVIEWS = YES;
				GENERATE_INFOPLIST_FILE = YES;
				INFOPLIST_FILE = RobotSurvivor/Info.plist;
				INFOPLIST_KEY_CFBundleDisplayName = "Robot Survivor";
				INFOPLIST_KEY_LSApplicationCategoryType = "public.app-category.arcade-games";
				INFOPLIST_KEY_UIApplicationSceneManifest_Generation = YES;
				INFOPLIST_KEY_UIApplicationSupportsIndirectInputEvents = YES;
				INFOPLIST_KEY_UILaunchScreen_Generation = YES;
				INFOPLIST_KEY_UISupportedInterfaceOrientations = UIInterfaceOrientationPortrait;
				INFOPLIST_KEY_UISupportedInterfaceOrientations_iPad = "UIInterfaceOrientationLandscapeLeft UIInterfaceOrientationLandscapeRight UIInterfaceOrientationPortrait UIInterfaceOrientationPortraitUpsideDown";
				IPHONEOS_DEPLOYMENT_TARGET = 15.0;
				LD_RUNPATH_SEARCH_PATHS = (
					"$(inherited)",
					"@executable_path/Frameworks",
				);
				MARKETING_VERSION = 1.3;
				PRODUCT_BUNDLE_IDENTIFIER = com.Dave.Robot;
				PRODUCT_NAME = "$(TARGET_NAME)";
				SUPPORTED_PLATFORMS = "iphoneos iphonesimulator";
				SUPPORTS_MACCATALYST = NO;
				SUPPORTS_MAC_DESIGNED_FOR_IPHONE_IPAD = NO;
				SWIFT_EMIT_LOC_STRINGS = YES;
				SWIFT_VERSION = 5.0;
				TARGETED_DEVICE_FAMILY = 1;
			};
			name = Debug;
		};
		9D3EDD442B1F3FD200C5DF7B /* Release */ = {
			isa = XCBuildConfiguration;
			buildSettings = {
				ASSETCATALOG_COMPILER_APPICON_NAME = AppIcon;
				ASSETCATALOG_COMPILER_GLOBAL_ACCENT_COLOR_NAME = AccentColor;
				ASSETCATALOG_COMPILER_INCLUDE_INFOPLIST_LOCALIZATIONS = NO;
				CODE_SIGN_ENTITLEMENTS = "Robot Survivor.entitlements";
				CODE_SIGN_STYLE = Automatic;
				CURRENT_PROJECT_VERSION = 1;
				DEVELOPMENT_ASSET_PATHS = "";
				DEVELOPMENT_TEAM = WLW428B75Y;
				ENABLE_PREVIEWS = YES;
				GENERATE_INFOPLIST_FILE = YES;
				INFOPLIST_FILE = RobotSurvivor/Info.plist;
				INFOPLIST_KEY_CFBundleDisplayName = "Robot Survivor";
				INFOPLIST_KEY_LSApplicationCategoryType = "public.app-category.arcade-games";
				INFOPLIST_KEY_UIApplicationSceneManifest_Generation = YES;
				INFOPLIST_KEY_UIApplicationSupportsIndirectInputEvents = YES;
				INFOPLIST_KEY_UILaunchScreen_Generation = YES;
				INFOPLIST_KEY_UISupportedInterfaceOrientations = UIInterfaceOrientationPortrait;
				INFOPLIST_KEY_UISupportedInterfaceOrientations_iPad = "UIInterfaceOrientationLandscapeLeft UIInterfaceOrientationLandscapeRight UIInterfaceOrientationPortrait UIInterfaceOrientationPortraitUpsideDown";
				IPHONEOS_DEPLOYMENT_TARGET = 15.0;
				LD_RUNPATH_SEARCH_PATHS = (
					"$(inherited)",
					"@executable_path/Frameworks",
				);
				MARKETING_VERSION = 1.3;
				PRODUCT_BUNDLE_IDENTIFIER = com.Dave.Robot;
				PRODUCT_NAME = "$(TARGET_NAME)";
				SUPPORTED_PLATFORMS = "iphoneos iphonesimulator";
				SUPPORTS_MACCATALYST = NO;
				SUPPORTS_MAC_DESIGNED_FOR_IPHONE_IPAD = NO;
				SWIFT_EMIT_LOC_STRINGS = YES;
				SWIFT_VERSION = 5.0;
				TARGETED_DEVICE_FAMILY = 1;
			};
			name = Release;
		};
/* End XCBuildConfiguration section */

/* Begin XCConfigurationList section */
		9D3EDD2F2B1F3FD200C5DF7B /* Build configuration list for PBXProject "Robot Survivor" */ = {
			isa = XCConfigurationList;
			buildConfigurations = (
				9D3EDD402B1F3FD200C5DF7B /* Debug */,
				9D3EDD412B1F3FD200C5DF7B /* Release */,
			);
			defaultConfigurationIsVisible = 0;
			defaultConfigurationName = Release;
		};
		9D3EDD422B1F3FD200C5DF7B /* Build configuration list for PBXNativeTarget "Robot Survivor" */ = {
			isa = XCConfigurationList;
			buildConfigurations = (
				9D3EDD432B1F3FD200C5DF7B /* Debug */,
				9D3EDD442B1F3FD200C5DF7B /* Release */,
			);
			defaultConfigurationIsVisible = 0;
			defaultConfigurationName = Release;
		};
/* End XCConfigurationList section */
	};
	rootObject = 9D3EDD2C2B1F3FD200C5DF7B /* Project object */;
}
